{
  "name": "osu-accuracy",
  "version": "0.0.1",
  "lockfileVersion": 1,
  "requires": true,
  "dependencies": {
    "limiter": {
      "version": "1.1.4",
      "resolved": "https://registry.npmjs.org/limiter/-/limiter-1.1.4.tgz",
      "integrity": "sha512-XCpr5bElgDI65vVgstP8TWjv6/QKWm9GU5UG0Pr5sLQ3QLo8NVKsioe+Jed5/3vFOe3IQuqE7DKwTvKQkjTHvg=="
    },
    "nodesu": {
      "version": "0.6.5",
      "resolved": "https://registry.npmjs.org/nodesu/-/nodesu-0.6.5.tgz",
      "integrity": "sha512-Z346TAZNqPozFHPj/lSkpnRYKggYlWr6FXODyUmbdDLzCGXOlUsJ+5RURR9eahEUI5xy4CPUz102rhU3GNKyiQ==",
      "requires": {
        "limiter": "^1.1.0"
      }
    },
    "ojsama": {
      "version": "1.2.1",
      "resolved": "https://registry.npmjs.org/ojsama/-/ojsama-1.2.1.tgz",
      "integrity": "sha512-jLcmySOlNpyNCihj/+F9QZifV5cjgJUkSta2TCGGDXRWGE+ZPkpGwEk7dzuI7o+fn3dSoi18lPUdbsb4LQpScw=="
    }
  }
}
